<?xml version="1.0" encoding="utf-8"?>
<Project ToolsVersion="4.0" xmlns="http://schemas.microsoft.com/developer/msbuild/2003">
  <ItemGroup>
    <Filter Include="Source Files">
      <UniqueIdentifier>{4FC737F1-C7A5-4376-A066-2A32D752A2FF}</UniqueIdentifier>
      <Extensions>cpp;c;cc;cxx;def;odl;idl;hpj;bat;asm;asmx</Extensions>
    </Filter>
    <Filter Include="Header Files">
      <UniqueIdentifier>{93995380-89BD-4b04-88EB-625FBE52EBFB}</UniqueIdentifier>
      <Extensions>h;hh;hpp;hxx;hm;inl;inc;xsd</Extensions>
    </Filter>
    <Filter Include="Resource Files">
      <UniqueIdentifier>{67DA6AB6-F800-4c08-8B7A-83BB121AAD01}</UniqueIdentifier>
      <Extensions>rc;ico;cur;bmp;dlg;rc2;rct;bin;rgs;gif;jpg;jpeg;jpe;resx;tiff;tif;png;wav</Extensions>
    </Filter>
    <Filter Include="Resource Files\Inputs">
      <UniqueIdentifier>{90747c20-8804-4ab8-943a-bfd34a6fbd95}</UniqueIdentifier>
    </Filter>
    <Filter Include="Source Files\Day 1">
      <UniqueIdentifier>{58220a68-ce99-4a27-b17d-fc0ad915a40c}</UniqueIdentifier>
    </Filter>
    <Filter Include="Source Files\Day 2">
      <UniqueIdentifier>{0336b619-c59e-4c4d-b635-5d9689339d21}</UniqueIdentifier>
    </Filter>
    <Filter Include="Source Files\Day 3">
      <UniqueIdentifier>{2a37be8a-4126-4e00-9789-ea78f6806b47}</UniqueIdentifier>
    </Filter>
    <Filter Include="Source Files\Day 4">
      <UniqueIdentifier>{ba72c496-8b46-4325-9a6b-68f207e77e0b}</UniqueIdentifier>
    </Filter>
    <Filter Include="Header Files\Day 1">
      <UniqueIdentifier>{c58a982f-9dcf-40af-8409-f09c8807010d}</UniqueIdentifier>
    </Filter>
    <Filter Include="Header Files\Day 2">
      <UniqueIdentifier>{d10d23ca-e91c-4662-889e-0729647a6806}</UniqueIdentifier>
    </Filter>
    <Filter Include="Header Files\Day 3">
      <UniqueIdentifier>{ecb69b9d-5d87-4130-9431-c2858e68191e}</UniqueIdentifier>
    </Filter>
    <Filter Include="Header Files\Day 4">
      <UniqueIdentifier>{ab0889ab-2b1f-4af0-afc1-c5e32a9e1ac2}</UniqueIdentifier>
    </Filter>
    <Filter Include="Header Files\Day 5">
      <UniqueIdentifier>{3b0fbef1-46d0-45c4-a4b2-974bc1a589ac}</UniqueIdentifier>
    </Filter>
    <Filter Include="Source Files\Day 5">
      <UniqueIdentifier>{234f4de8-56dc-4e83-b957-04371697e497}</UniqueIdentifier>
    </Filter>
    <Filter Include="Header Files\Day 6">
      <UniqueIdentifier>{fe2589aa-6a0a-475e-871f-f84e3e1635ef}</UniqueIdentifier>
    </Filter>
    <Filter Include="Source Files\Day 6">
      <UniqueIdentifier>{13a7b014-c696-4d22-a055-f99682a6a013}</UniqueIdentifier>
    </Filter>
    <Filter Include="Header Files\Day 7">
      <UniqueIdentifier>{49bc4029-b973-439b-8f3f-98d8c235fc4a}</UniqueIdentifier>
    </Filter>
    <Filter Include="Source Files\Day 7">
      <UniqueIdentifier>{245963ba-c15e-4b40-8ae9-ae7f0ec38e48}</UniqueIdentifier>
    </Filter>
    <Filter Include="Header Files\Day 8">
      <UniqueIdentifier>{88795f55-3cd2-4f37-a8a3-3ade4428d0cc}</UniqueIdentifier>
    </Filter>
    <Filter Include="Source Files\Day 8">
      <UniqueIdentifier>{3cd9cfdd-fb84-4e45-9600-0f5b6f458839}</UniqueIdentifier>
    </Filter>
    <Filter Include="Source Files\Day 9">
      <UniqueIdentifier>{4848de93-7d39-491f-824f-79d076d3ddf5}</UniqueIdentifier>
    </Filter>
    <Filter Include="Header Files\Day 9">
      <UniqueIdentifier>{46330dfa-aff7-4712-b57b-8dc516b61575}</UniqueIdentifier>
    </Filter>
  </ItemGroup>
  <ItemGroup>
    <ClCompile Include="Main.cpp">
      <Filter>Source Files</Filter>
    </ClCompile>
    <ClCompile Include="Utilities.cpp">
      <Filter>Source Files</Filter>
    </ClCompile>
    <ClCompile Include="FindPair.cpp">
      <Filter>Source Files\Day 1</Filter>
    </ClCompile>
    <ClCompile Include="ValidatePasswords.cpp">
      <Filter>Source Files\Day 2</Filter>
    </ClCompile>
    <ClCompile Include="CheckMap.cpp">
      <Filter>Source Files\Day 3</Filter>
    </ClCompile>
    <ClCompile Include="Passport.cpp">
      <Filter>Source Files\Day 4</Filter>
    </ClCompile>
    <ClCompile Include="BoardingPass.cpp">
      <Filter>Source Files\Day 5</Filter>
    </ClCompile>
    <ClCompile Include="Customs.cpp">
      <Filter>Source Files\Day 6</Filter>
    </ClCompile>
    <ClCompile Include="Luggage.cpp">
      <Filter>Source Files\Day 7</Filter>
    </ClCompile>
    <ClCompile Include="Emulator.cpp">
      <Filter>Source Files\Day 8</Filter>
    </ClCompile>
    <ClCompile Include="GameConsole.cpp">
      <Filter>Source Files\Day 8</Filter>
    </ClCompile>
    <ClCompile Include="Xmas.cpp">
      <Filter>Source Files\Day 9</Filter>
    </ClCompile>
  </ItemGroup>
  <ItemGroup>
    <ClInclude Include="Utilities.h">
      <Filter>Header Files</Filter>
    </ClInclude>
    <ClInclude Include="FindPair.h">
      <Filter>Header Files\Day 1</Filter>
    </ClInclude>
    <ClInclude Include="ValidatePasswords.h">
      <Filter>Header Files\Day 2</Filter>
    </ClInclude>
    <ClInclude Include="CheckMap.h">
      <Filter>Header Files\Day 3</Filter>
    </ClInclude>
    <ClInclude Include="Passport.h">
      <Filter>Header Files\Day 4</Filter>
    </ClInclude>
    <ClInclude Include="BoardingPass.h">
      <Filter>Header Files\Day 5</Filter>
    </ClInclude>
    <ClInclude Include="Customs.h">
      <Filter>Header Files\Day 6</Filter>
    </ClInclude>
    <ClInclude Include="Luggage.h">
      <Filter>Header Files\Day 7</Filter>
    </ClInclude>
    <ClInclude Include="GameConsole.h">
      <Filter>Header Files\Day 8</Filter>
    </ClInclude>
    <ClInclude Include="Emulator.h">
      <Filter>Header Files\Day 8</Filter>
    </ClInclude>
    <ClInclude Include="Xmas.h">
      <Filter>Header Files\Day 9</Filter>
    </ClInclude>
    <ClInclude Include="RingBuffer.h">
      <Filter>Header Files</Filter>
    </ClInclude>
  </ItemGroup>
  <ItemGroup>
    <Text Include="Inputs\day1.txt">
      <Filter>Resource Files\Inputs</Filter>
    </Text>
    <Text Include="Inputs\day2.txt">
      <Filter>Resource Files\Inputs</Filter>
    </Text>
    <Text Include="Inputs\day3.txt">
      <Filter>Resource Files\Inputs</Filter>
    </Text>
    <Text Include="Inputs\day4.txt">
      <Filter>Resource Files\Inputs</Filter>
    </Text>
    <Text Include="Inputs\day5.txt">
      <Filter>Resource Files\Inputs</Filter>
    </Text>
    <Text Include="Inputs\day6.txt">
      <Filter>Resource Files\Inputs</Filter>
    </Text>
    <Text Include="Inputs\day7.txt">
      <Filter>Resource Files\Inputs</Filter>
    </Text>
    <Text Include="Inputs\day8.txt">
      <Filter>Resource Files\Inputs</Filter>
    </Text>
    <Text Include="Inputs\day9.txt">
      <Filter>Resource Files\Inputs</Filter>
    </Text>
  </ItemGroup>
</Project>